
Microsoft Visual Studio Solution File, Format Version 12.00
# Visual Studio Version 16
VisualStudioVersion = 16.0.30413.136
MinimumVisualStudioVersion = 10.0.40219.1
Project("{9A19103F-16F7-4668-BE54-9A1E7A4F7556}") = "OA_DataAccess", "OA_DataAccess\OA_DataAccess.csproj", "{D81F4D29-2EBC-4C97-AF7B-848B646979C1}"
EndProject
Project("{9A19103F-16F7-4668-BE54-9A1E7A4F7556}") = "OA_Repository", "OA_Repository\OA_Repository.csproj", "{1C338E62-BB29-4418-9C41-92B8D7AEFB38}"
EndProject
Project("{9A19103F-16F7-4668-BE54-9A1E7A4F7556}") = "OA_Service", "OA_Service\OA_Service.csproj", "{4EFB22D3-7CEA-4EF9-9C58-0F632E1DD814}"
EndProject
Project("{FAE04EC0-301F-11D3-BF4B-00C04F79EFBC}") = "OA_WebAPI", "OA_WebAPI\OA_WebAPI.csproj", "{F61F7D0E-2177-420D-9C36-0E9D5A15912F}"
EndProject
Global
	GlobalSection(SolutionConfigurationPlatforms) = preSolution
		Debug|Any CPU = Debug|Any CPU
		Release|Any CPU = Release|Any CPU
	EndGlobalSection
	GlobalSection(ProjectConfigurationPlatforms) = postSolution
		{D81F4D29-2EBC-4C97-AF7B-848B646979C1}.Debug|Any CPU.ActiveCfg = Debug|Any CPU
		{D81F4D29-2EBC-4C97-AF7B-848B646979C1}.Debug|Any CPU.Build.0 = Debug|Any CPU
		{D81F4D29-2EBC-4C97-AF7B-848B646979C1}.Release|Any CPU.ActiveCfg = Release|Any CPU
		{D81F4D29-2EBC-4C97-AF7B-848B646979C1}.Release|Any CPU.Build.0 = Release|Any CPU
		{1C338E62-BB29-4418-9C41-92B8D7AEFB38}.Debug|Any CPU.ActiveCfg = Debug|Any CPU
		{1C338E62-BB29-4418-9C41-92B8D7AEFB38}.Debug|Any CPU.Build.0 = Debug|Any CPU
		{1C338E62-BB29-4418-9C41-92B8D7AEFB38}.Release|Any CPU.ActiveCfg = Release|Any CPU
		{1C338E62-BB29-4418-9C41-92B8D7AEFB38}.Release|Any CPU.Build.0 = Release|Any CPU
		{4EFB22D3-7CEA-4EF9-9C58-0F632E1DD814}.Debug|Any CPU.ActiveCfg = Debug|Any CPU
		{4EFB22D3-7CEA-4EF9-9C58-0F632E1DD814}.Debug|Any CPU.Build.0 = Debug|Any CPU
		{4EFB22D3-7CEA-4EF9-9C58-0F632E1DD814}.Release|Any CPU.ActiveCfg = Release|Any CPU
		{4EFB22D3-7CEA-4EF9-9C58-0F632E1DD814}.Release|Any CPU.Build.0 = Release|Any CPU
		{F61F7D0E-2177-420D-9C36-0E9D5A15912F}.Debug|Any CPU.ActiveCfg = Debug|Any CPU
		{F61F7D0E-2177-420D-9C36-0E9D5A15912F}.Debug|Any CPU.Build.0 = Debug|Any CPU
		{F61F7D0E-2177-420D-9C36-0E9D5A15912F}.Release|Any CPU.ActiveCfg = Release|Any CPU
		{F61F7D0E-2177-420D-9C36-0E9D5A15912F}.Release|Any CPU.Build.0 = Release|Any CPU
	EndGlobalSection
	GlobalSection(SolutionProperties) = preSolution
		HideSolutionNode = FALSE
	EndGlobalSection
	GlobalSection(ExtensibilityGlobals) = postSolution
		SolutionGuid = {425360F1-35F0-4668-8187-B5DD4CF92E30}
	EndGlobalSection
EndGlobal
